dependencies:
- name: mariadb
  repository: https://opsolving.github.io/charts/
  version: 22.0.0
- name: common
  repository: https://opsolving.github.io/charts/
  version: 2.31.4
digest: sha256:a02b05612f8899bb2c068cbb98bfac80804b5e3ee2badde7a0e29a9fa43d15d7
generated: "2025-09-08T01:49:53.905558+02:00"
